<?xml version="1.0" encoding="utf-8"?>
<Project ToolsVersion="4.0" xmlns="http://schemas.microsoft.com/developer/msbuild/2003">
  <ItemGroup>
    <Filter Include="Src">
      <UniqueIdentifier>{b0d532d0-2f71-42b8-83eb-41b8bafe3ba7}</UniqueIdentifier>
    </Filter>
  </ItemGroup>
  <ItemGroup>
    <ClCompile Include="..\src\BVH.cpp">
      <Filter>Src</Filter>
    </ClCompile>
    <ClCompile Include="..\src\BVHPlayer.cpp">
      <Filter>Src</Filter>
    </ClCompile>
  </ItemGroup>
  <ItemGroup>
    <ClInclude Include="..\src\BVH.h">
      <Filter>Src</Filter>
    </ClInclude>
  </ItemGroup>
</Project>